
Microsoft Visual Studio Solution File, Format Version 12.00
# Visual Studio Version 17
VisualStudioVersion = 17.14.37216.2 d17.14
MinimumVisualStudioVersion = 10.0.40219.1
Project("{FAE04EC0-301F-11D3-BF4B-00C04F79EFBC}") = "MatMentor.Mobile", "MatMentor.Mobile\MatMentor.Mobile.csproj", "{B03D6ADC-AFC3-4F14-80B7-3477F790A783}"
EndProject
Global
	GlobalSection(SolutionConfigurationPlatforms) = preSolution
		Debug|Any CPU = Debug|Any CPU
		Release|Any CPU = Release|Any CPU
	EndGlobalSection
	GlobalSection(ProjectConfigurationPlatforms) = postSolution
		{B03D6ADC-AFC3-4F14-80B7-3477F790A783}.Debug|Any CPU.ActiveCfg = Debug|Any CPU
		{B03D6ADC-AFC3-4F14-80B7-3477F790A783}.Debug|Any CPU.Build.0 = Debug|Any CPU
		{B03D6ADC-AFC3-4F14-80B7-3477F790A783}.Release|Any CPU.ActiveCfg = Release|Any CPU
		{B03D6ADC-AFC3-4F14-80B7-3477F790A783}.Release|Any CPU.Build.0 = Release|Any CPU
	EndGlobalSection
	GlobalSection(SolutionProperties) = preSolution
		HideSolutionNode = FALSE
	EndGlobalSection
	GlobalSection(ExtensibilityGlobals) = postSolution
		SolutionGuid = {70A104AE-0974-41C1-8C55-9FCBF905E093}
	EndGlobalSection
EndGlobal
